{
  "name": "make-font",
  "version": "1.0.0",
  "lockfileVersion": 3,
  "requires": true,
  "packages": {
    "": {
      "name": "make-font",
      "version": "1.0.0",
      "license": "MIT",
      "dependencies": {
        "subset-font": "2.5.0"
      },
      "bin": {
        "make-font": "index.js"
      }
    },
    "node_modules/argparse": {
      "version": "2.0.1",
      "resolved": "https://registry.npmjs.org/argparse/-/argparse-2.0.1.tgz",
      "integrity": "sha512-8+9WqebbFzpX9OR+Wa6O29asIogeRMzcGtAINdpMHHyAg10f05aSFVBbcEqGf/PXw1EjAZ+q2/bEBg3DvurK3Q==",
      "license": "Python-2.0"
    },
    "node_modules/fontverter": {
      "version": "2.0.0",
      "resolved": "https://registry.npmjs.org/fontverter/-/fontverter-2.0.0.tgz",
      "integrity": "sha512-DFVX5hvXuhi1Jven1tbpebYTCT9XYnvx6/Z+HFUPb7ZRMCW+pj2clU9VMhoTPgWKPhAs7JJDSk3CW1jNUvKCZQ==",
      "license": "BSD-3-Clause",
      "dependencies": {
        "wawoff2": "^2.0.0",
        "woff2sfnt-sfnt2woff": "^1.0.0"
      }
    },
    "node_modules/harfbuzzjs": {
      "version": "0.10.3",
      "resolved": "https://registry.npmjs.org/harfbuzzjs/-/harfbuzzjs-0.10.3.tgz",
      "integrity": "sha512-GJnLUrgLMadlMYrBGEXwYEimObbysy3prWT4HyPpFQERvgTU/OZ+ReUlEPOum6w4RBtFXzXiCCmECOr4sz3qwQ==",
      "license": "MIT"
    },
    "node_modules/lodash": {
      "version": "4.17.21",
      "resolved": "https://registry.npmmirror.com/lodash/-/lodash-4.17.21.tgz",
      "integrity": "sha512-v2kDEe57lecTulaDIuNTPy3Ry4gLGJ6Z1O3vE1krgXZNrsQ+LFTGHVxVjcXPs17LhbZVGedAJv8XZ1tvj5FvSg=="
    },
    "node_modules/p-limit": {
      "version": "3.1.0",
      "resolved": "https://registry.npmjs.org/p-limit/-/p-limit-3.1.0.tgz",
      "integrity": "sha512-TYOanM3wGwNGsZN2cVTYPArw454xnXj5qmWF1bEoAc4+cU/ol7GVh7odevjp1FNHduHc3KZMcFduxU5Xc6uJRQ==",
      "license": "MIT",
      "dependencies": {
        "yocto-queue": "^0.1.0"
      },
      "engines": {
        "node": ">=10"
      },
      "funding": {
        "url": "https://github.com/sponsors/sindresorhus"
      }
    },
    "node_modules/subset-font": {
      "version": "2.5.0",
      "resolved": "https://registry.npmjs.org/subset-font/-/subset-font-2.5.0.tgz",
      "integrity": "sha512-Vsa8ngQ/ohhUj0an7on49y9jLZ2rK5U+T1FzPM4/ZQY0xUy5mLis6BfFtPGzecTjFgYXQlvY7FlsJF4t3R/6Ug==",
      "license": "BSD-3-Clause",
      "dependencies": {
        "fontverter": "^2.0.0",
        "harfbuzzjs": "^0.10.3",
        "lodash": "^4.17.21",
        "p-limit": "^3.1.0"
      }
    },
    "node_modules/wawoff2": {
      "version": "2.0.1",
      "resolved": "https://registry.npmjs.org/wawoff2/-/wawoff2-2.0.1.tgz",
      "integrity": "sha512-r0CEmvpH63r4T15ebFqeOjGqU4+EgTx4I510NtK35EMciSdcTxCw3Byy3JnBonz7iyIFZ0AbVo0bbFpEVuhCYA==",
      "license": "MIT",
      "dependencies": {
        "argparse": "^2.0.1"
      },
      "bin": {
        "woff2_compress.js": "bin/woff2_compress.js",
        "woff2_decompress.js": "bin/woff2_decompress.js"
      }
    },
    "node_modules/woff2sfnt-sfnt2woff": {
      "version": "1.0.0",
      "resolved": "https://registry.npmjs.org/woff2sfnt-sfnt2woff/-/woff2sfnt-sfnt2woff-1.0.0.tgz",
      "integrity": "sha512-edK4COc1c1EpRfMqCZO1xJOvdUtM5dbVb9iz97rScvnTevqEB3GllnLWCmMVp1MfQBdF1DFg/11I0rSyAdS4qQ==",
      "license": "MIT",
      "dependencies": {
        "pako": "^1.0.7"
      }
    },
    "node_modules/woff2sfnt-sfnt2woff/node_modules/pako": {
      "version": "1.0.11",
      "resolved": "https://registry.npmjs.org/pako/-/pako-1.0.11.tgz",
      "integrity": "sha512-4hLB8Py4zZce5s4yd9XzopqwVv/yGNhV1Bl8NTmCq1763HeK2+EwVTv+leGeL13Dnh2wfbqowVPXCIO0z4taYw==",
      "license": "(MIT AND Zlib)"
    },
    "node_modules/yocto-queue": {
      "version": "0.1.0",
      "resolved": "https://registry.npmjs.org/yocto-queue/-/yocto-queue-0.1.0.tgz",
      "integrity": "sha512-rVksvsnNCdJ/ohGc6xgPwyN8eheCxsiLM8mxuE/t/mOVqJewPuO1miLpTHQiRgTKCLexL4MeAFVagts7HmNZ2Q==",
      "license": "MIT",
      "engines": {
        "node": ">=10"
      },
      "funding": {
        "url": "https://github.com/sponsors/sindresorhus"
      }
    }
  }
}
